
Microsoft Visual Studio Solution File, Format Version 12.00
# Visual Studio Version 17
VisualStudioVersion = 17.6.33723.286
MinimumVisualStudioVersion = 10.0.40219.1
Project("{FAE04EC0-301F-11D3-BF4B-00C04F79EFBC}") = "Adli-İşlemler", "Adli-İşlemler.csproj", "{7EEC6921-5A4D-42DE-8D3F-DA3A714198E1}"
EndProject
Global
	GlobalSection(SolutionConfigurationPlatforms) = preSolution
		Debug|Any CPU = Debug|Any CPU
		Release|Any CPU = Release|Any CPU
	EndGlobalSection
	GlobalSection(ProjectConfigurationPlatforms) = postSolution
		{7EEC6921-5A4D-42DE-8D3F-DA3A714198E1}.Debug|Any CPU.ActiveCfg = Debug|Any CPU
		{7EEC6921-5A4D-42DE-8D3F-DA3A714198E1}.Debug|Any CPU.Build.0 = Debug|Any CPU
		{7EEC6921-5A4D-42DE-8D3F-DA3A714198E1}.Release|Any CPU.ActiveCfg = Release|Any CPU
		{7EEC6921-5A4D-42DE-8D3F-DA3A714198E1}.Release|Any CPU.Build.0 = Release|Any CPU
	EndGlobalSection
	GlobalSection(SolutionProperties) = preSolution
		HideSolutionNode = FALSE
	EndGlobalSection
	GlobalSection(ExtensibilityGlobals) = postSolution
		SolutionGuid = {B5CA28BA-77BE-407E-8650-C526BB3BAFDB}
	EndGlobalSection
EndGlobal
